
Microsoft Visual Studio Solution File, Format Version 12.00
# Visual Studio Version 17
VisualStudioVersion = 17.4.33213.308
MinimumVisualStudioVersion = 10.0.40219.1
Project("{FAE04EC0-301F-11D3-BF4B-00C04F79EFBC}") = "Tooded1", "Tooded1\Tooded1.csproj", "{08D757AF-C72B-4D41-8DC1-52F227A8B1F0}"
EndProject
Global
	GlobalSection(SolutionConfigurationPlatforms) = preSolution
		Debug|Any CPU = Debug|Any CPU
		Release|Any CPU = Release|Any CPU
	EndGlobalSection
	GlobalSection(ProjectConfigurationPlatforms) = postSolution
		{08D757AF-C72B-4D41-8DC1-52F227A8B1F0}.Debug|Any CPU.ActiveCfg = Debug|Any CPU
		{08D757AF-C72B-4D41-8DC1-52F227A8B1F0}.Debug|Any CPU.Build.0 = Debug|Any CPU
		{08D757AF-C72B-4D41-8DC1-52F227A8B1F0}.Release|Any CPU.ActiveCfg = Release|Any CPU
		{08D757AF-C72B-4D41-8DC1-52F227A8B1F0}.Release|Any CPU.Build.0 = Release|Any CPU
	EndGlobalSection
	GlobalSection(SolutionProperties) = preSolution
		HideSolutionNode = FALSE
	EndGlobalSection
	GlobalSection(ExtensibilityGlobals) = postSolution
		SolutionGuid = {E29D0254-252B-4E1B-9131-0E35C19B2B94}
	EndGlobalSection
EndGlobal
